// !$*UTF8*$!
{
	archiveVersion = 1;
	classes = {
	};
	objectVersion = 46;
	objects = {

/* Begin PBXBuildFile section */
		996C74311C1C59FC006640A1 /* main.m in Sources */ = {isa = PBXBuildFile; fileRef = 996C74301C1C59FC006640A1 /* main.m */; };
		996C74341C1C59FC006640A1 /* AppDelegate.m in Sources */ = {isa = PBXBuildFile; fileRef = 996C74331C1C59FC006640A1 /* AppDelegate.m */; };
		996C74371C1C59FC006640A1 /* ViewController.m in Sources */ = {isa = PBXBuildFile; fileRef = 996C74361C1C59FC006640A1 /* ViewController.m */; };
		996C743A1C1C59FC006640A1 /* Main.storyboard in Resources */ = {isa = PBXBuildFile; fileRef = 996C74381C1C59FC006640A1 /* Main.storyboard */; };
		996C743D1C1C59FC006640A1 /* testingRepo2.xcdatamodeld in Sources */ = {isa = PBXBuildFile; fileRef = 996C743B1C1C59FC006640A1 /* testingRepo2.xcdatamodeld */; };
		996C743F1C1C59FC006640A1 /* Assets.xcassets in Resources */ = {isa = PBXBuildFile; fileRef = 996C743E1C1C59FC006640A1 /* Assets.xcassets */; };
		996C74421C1C59FC006640A1 /* LaunchScreen.storyboard in Resources */ = {isa = PBXBuildFile; fileRef = 996C74401C1C59FC006640A1 /* LaunchScreen.storyboard */; };
		996C744D1C1C59FC006640A1 /* testingRepo2Tests.m in Sources */ = {isa = PBXBuildFile; fileRef = 996C744C1C1C59FC006640A1 /* testingRepo2Tests.m */; };
		996C74581C1C59FC006640A1 /* testingRepo2UITests.m in Sources */ = {isa = PBXBuildFile; fileRef = 996C74571C1C59FC006640A1 /* testingRepo2UITests.m */; };
/* End PBXBuildFile section */

/* Begin PBXContainerItemProxy section */
		996C74491C1C59FC006640A1 /* PBXContainerItemProxy */ = {
			isa = PBXContainerItemProxy;
			containerPortal = 996C74241C1C59FC006640A1 /* Project object */;
			proxyType = 1;
			remoteGlobalIDString = 996C742B1C1C59FC006640A1;
			remoteInfo = testingRepo2;
		};
		996C74541C1C59FC006640A1 /* PBXContainerItemProxy */ = {
			isa = PBXContainerItemProxy;
			containerPortal = 996C74241C1C59FC006640A1 /* Project object */;
			proxyType = 1;
			remoteGlobalIDString = 996C742B1C1C59FC006640A1;
			remoteInfo = testingRepo2;
		};
/* End PBXContainerItemProxy section */

/* Begin PBXFileReference section */
		996C742C1C1C59FC006640A1 /* testingRepo2.app */ = {isa = PBXFileReference; explicitFileType = wrapper.application; includeInIndex = 0; path = testingRepo2.app; sourceTree = BUILT_PRODUCTS_DIR; };
		996C74301C1C59FC006640A1 /* main.m */ = {isa = PBXFileReference; lastKnownFileType = sourcecode.c.objc; path = main.m; sourceTree = "<group>"; };
		996C74321C1C59FC006640A1 /* AppDelegate.h */ = {isa = PBXFileReference; lastKnownFileType = sourcecode.c.h; path = AppDelegate.h; sourceTree = "<group>"; };
		996C74331C1C59FC006640A1 /* AppDelegate.m */ = {isa = PBXFileReference; lastKnownFileType = sourcecode.c.objc; path = AppDelegate.m; sourceTree = "<group>"; };
		996C74351C1C59FC006640A1 /* ViewController.h */ = {isa = PBXFileReference; lastKnownFileType = sourcecode.c.h; path = ViewController.h; sourceTree = "<group>"; };
		996C74361C1C59FC006640A1 /* ViewController.m */ = {isa = PBXFileReference; lastKnownFileType = sourcecode.c.objc; path = ViewController.m; sourceTree = "<group>"; };
		996C74391C1C59FC006640A1 /* Base */ = {isa = PBXFileReference; lastKnownFileType = file.storyboard; name = Base; path = Base.lproj/Main.storyboard; sourceTree = "<group>"; };
		996C743C1C1C59FC006640A1 /* testingRepo2.xcdatamodel */ = {isa = PBXFileReference; lastKnownFileType = wrapper.xcdatamodel; path = testingRepo2.xcdatamodel; sourceTree = "<group>"; };
		996C743E1C1C59FC006640A1 /* Assets.xcassets */ = {isa = PBXFileReference; lastKnownFileType = folder.assetcatalog; path = Assets.xcassets; sourceTree = "<group>"; };
		996C74411C1C59FC006640A1 /* Base */ = {isa = PBXFileReference; lastKnownFileType = file.storyboard; name = Base; path = Base.lproj/LaunchScreen.storyboard; sourceTree = "<group>"; };
		996C74431C1C59FC006640A1 /* Info.plist */ = {isa = PBXFileReference; lastKnownFileType = text.plist.xml; path = Info.plist; sourceTree = "<group>"; };
		996C74481C1C59FC006640A1 /* testingRepo2Tests.xctest */ = {isa = PBXFileReference; explicitFileType = wrapper.cfbundle; includeInIndex = 0; path = testingRepo2Tests.xctest; sourceTree = BUILT_PRODUCTS_DIR; };
		996C744C1C1C59FC006640A1 /* testingRepo2Tests.m */ = {isa = PBXFileReference; lastKnownFileType = sourcecode.c.objc; path = testingRepo2Tests.m; sourceTree = "<group>"; };
		996C744E1C1C59FC006640A1 /* Info.plist */ = {isa = PBXFileReference; lastKnownFileType = text.plist.xml; path = Info.plist; sourceTree = "<group>"; };
		996C74531C1C59FC006640A1 /* testingRepo2UITests.xctest */ = {isa = PBXFileReference; explicitFileType = wrapper.cfbundle; includeInIndex = 0; path = testingRepo2UITests.xctest; sourceTree = BUILT_PRODUCTS_DIR; };
		996C74571C1C59FC006640A1 /* testingRepo2UITests.m */ = {isa = PBXFileReference; lastKnownFileType = sourcecode.c.objc; path = testingRepo2UITests.m; sourceTree = "<group>"; };
		996C74591C1C59FC006640A1 /* Info.plist */ = {isa = PBXFileReference; lastKnownFileType = text.plist.xml; path = Info.plist; sourceTree = "<group>"; };
/* End PBXFileReference section */

/* Begin PBXFrameworksBuildPhase section */
		996C74291C1C59FC006640A1 /* Frameworks */ = {
			isa = PBXFrameworksBuildPhase;
			buildActionMask = 2147483647;
			files = (
			);
			runOnlyForDeploymentPostprocessing = 0;
		};
		996C74451C1C59FC006640A1 /* Frameworks */ = {
			isa = PBXFrameworksBuildPhase;
			buildActionMask = 2147483647;
			files = (
			);
			runOnlyForDeploymentPostprocessing = 0;
		};
		996C74501C1C59FC006640A1 /* Frameworks */ = {
			isa = PBXFrameworksBuildPhase;
			buildActionMask = 2147483647;
			files = (
			);
			runOnlyForDeploymentPostprocessing = 0;
		};
/* End PBXFrameworksBuildPhase section */

/* Begin PBXGroup section */
		996C74231C1C59FC006640A1 = {
			isa = PBXGroup;
			children = (
				996C742E1C1C59FC006640A1 /* testingRepo2 */,
				996C744B1C1C59FC006640A1 /* testingRepo2Tests */,
				996C74561C1C59FC006640A1 /* testingRepo2UITests */,
				996C742D1C1C59FC006640A1 /* Products */,
			);
			sourceTree = "<group>";
		};
		996C742D1C1C59FC006640A1 /* Products */ = {
			isa = PBXGroup;
			children = (
				996C742C1C1C59FC006640A1 /* testingRepo2.app */,
				996C74481C1C59FC006640A1 /* testingRepo2Tests.xctest */,
				996C74531C1C59FC006640A1 /* testingRepo2UITests.xctest */,
			);
			name = Products;
			sourceTree = "<group>";
		};
		996C742E1C1C59FC006640A1 /* testingRepo2 */ = {
			isa = PBXGroup;
			children = (
				996C74321C1C59FC006640A1 /* AppDelegate.h */,
				996C74331C1C59FC006640A1 /* AppDelegate.m */,
				996C74351C1C59FC006640A1 /* ViewController.h */,
				996C74361C1C59FC006640A1 /* ViewController.m */,
				996C74381C1C59FC006640A1 /* Main.storyboard */,
				996C743E1C1C59FC006640A1 /* Assets.xcassets */,
				996C74401C1C59FC006640A1 /* LaunchScreen.storyboard */,
				996C74431C1C59FC006640A1 /* Info.plist */,
				996C743B1C1C59FC006640A1 /* testingRepo2.xcdatamodeld */,
				996C742F1C1C59FC006640A1 /* Supporting Files */,
			);
			path = testingRepo2;
			sourceTree = "<group>";
		};
		996C742F1C1C59FC006640A1 /* Supporting Files */ = {
			isa = PBXGroup;
			children = (
				996C74301C1C59FC006640A1 /* main.m */,
			);
			name = "Supporting Files";
			sourceTree = "<group>";
		};
		996C744B1C1C59FC006640A1 /* testingRepo2Tests */ = {
			isa = PBXGroup;
			children = (
				996C744C1C1C59FC006640A1 /* testingRepo2Tests.m */,
				996C744E1C1C59FC006640A1 /* Info.plist */,
			);
			path = testingRepo2Tests;
			sourceTree = "<group>";
		};
		996C74561C1C59FC006640A1 /* testingRepo2UITests */ = {
			isa = PBXGroup;
			children = (
				996C74571C1C59FC006640A1 /* testingRepo2UITests.m */,
				996C74591C1C59FC006640A1 /* Info.plist */,
			);
			path = testingRepo2UITests;
			sourceTree = "<group>";
		};
/* End PBXGroup section */

/* Begin PBXNativeTarget section */
		996C742B1C1C59FC006640A1 /* testingRepo2 */ = {
			isa = PBXNativeTarget;
			buildConfigurationList = 996C745C1C1C59FC006640A1 /* Build configuration list for PBXNativeTarget "testingRepo2" */;
			buildPhases = (
				996C74281C1C59FC006640A1 /* Sources */,
				996C74291C1C59FC006640A1 /* Frameworks */,
				996C742A1C1C59FC006640A1 /* Resources */,
			);
			buildRules = (
			);
			dependencies = (
			);
			name = testingRepo2;
			productName = testingRepo2;
			productReference = 996C742C1C1C59FC006640A1 /* testingRepo2.app */;
			productType = "com.apple.product-type.application";
		};
		996C74471C1C59FC006640A1 /* testingRepo2Tests */ = {
			isa = PBXNativeTarget;
			buildConfigurationList = 996C745F1C1C59FC006640A1 /* Build configuration list for PBXNativeTarget "testingRepo2Tests" */;
			buildPhases = (
				996C74441C1C59FC006640A1 /* Sources */,
				996C74451C1C59FC006640A1 /* Frameworks */,
				996C74461C1C59FC006640A1 /* Resources */,
			);
			buildRules = (
			);
			dependencies = (
				996C744A1C1C59FC006640A1 /* PBXTargetDependency */,
			);
			name = testingRepo2Tests;
			productName = testingRepo2Tests;
			productReference = 996C74481C1C59FC006640A1 /* testingRepo2Tests.xctest */;
			productType = "com.apple.product-type.bundle.unit-test";
		};
		996C74521C1C59FC006640A1 /* testingRepo2UITests */ = {
			isa = PBXNativeTarget;
			buildConfigurationList = 996C74621C1C59FC006640A1 /* Build configuration list for PBXNativeTarget "testingRepo2UITests" */;
			buildPhases = (
				996C744F1C1C59FC006640A1 /* Sources */,
				996C74501C1C59FC006640A1 /* Frameworks */,
				996C74511C1C59FC006640A1 /* Resources */,
			);
			buildRules = (
			);
			dependencies = (
				996C74551C1C59FC006640A1 /* PBXTargetDependency */,
			);
			name = testingRepo2UITests;
			productName = testingRepo2UITests;
			productReference = 996C74531C1C59FC006640A1 /* testingRepo2UITests.xctest */;
			productType = "com.apple.product-type.bundle.ui-testing";
		};
/* End PBXNativeTarget section */

/* Begin PBXProject section */
		996C74241C1C59FC006640A1 /* Project object */ = {
			isa = PBXProject;
			attributes = {
				LastUpgradeCheck = 0710;
				ORGANIZATIONNAME = nsimpl;
				TargetAttributes = {
					996C742B1C1C59FC006640A1 = {
						CreatedOnToolsVersion = 7.1.1;
						DevelopmentTeam = 7VM863VX44;
					};
					996C74471C1C59FC006640A1 = {
						CreatedOnToolsVersion = 7.1.1;
						DevelopmentTeam = 7VM863VX44;
						TestTargetID = 996C742B1C1C59FC006640A1;
					};
					996C74521C1C59FC006640A1 = {
						CreatedOnToolsVersion = 7.1.1;
						DevelopmentTeam = 7VM863VX44;
						TestTargetID = 996C742B1C1C59FC006640A1;
					};
				};
			};
			buildConfigurationList = 996C74271C1C59FC006640A1 /* Build configuration list for PBXProject "testingRepo2" */;
			compatibilityVersion = "Xcode 3.2";
			developmentRegion = English;
			hasScannedForEncodings = 0;
			knownRegions = (
				en,
				Base,
			);
			mainGroup = 996C74231C1C59FC006640A1;
			productRefGroup = 996C742D1C1C59FC006640A1 /* Products */;
			projectDirPath = "";
			projectRoot = "";
			targets = (
				996C742B1C1C59FC006640A1 /* testingRepo2 */,
				996C74471C1C59FC006640A1 /* testingRepo2Tests */,
				996C74521C1C59FC006640A1 /* testingRepo2UITests */,
			);
		};
/* End PBXProject section */

/* Begin PBXResourcesBuildPhase section */
		996C742A1C1C59FC006640A1 /* Resources */ = {
			isa = PBXResourcesBuildPhase;
			buildActionMask = 2147483647;
			files = (
				996C74421C1C59FC006640A1 /* LaunchScreen.storyboard in Resources */,
				996C743F1C1C59FC006640A1 /* Assets.xcassets in Resources */,
				996C743A1C1C59FC006640A1 /* Main.storyboard in Resources */,
			);
			runOnlyForDeploymentPostprocessing = 0;
		};
		996C74461C1C59FC006640A1 /* Resources */ = {
			isa = PBXResourcesBuildPhase;
			buildActionMask = 2147483647;
			files = (
			);
			runOnlyForDeploymentPostprocessing = 0;
		};
		996C74511C1C59FC006640A1 /* Resources */ = {
			isa = PBXResourcesBuildPhase;
			buildActionMask = 2147483647;
			files = (
			);
			runOnlyForDeploymentPostprocessing = 0;
		};
/* End PBXResourcesBuildPhase section */

/* Begin PBXSourcesBuildPhase section */
		996C74281C1C59FC006640A1 /* Sources */ = {
			isa = PBXSourcesBuildPhase;
			buildActionMask = 2147483647;
			files = (
				996C74371C1C59FC006640A1 /* ViewController.m in Sources */,
				996C74341C1C59FC006640A1 /* AppDelegate.m in Sources */,
				996C74311C1C59FC006640A1 /* main.m in Sources */,
				996C743D1C1C59FC006640A1 /* testingRepo2.xcdatamodeld in Sources */,
			);
			runOnlyForDeploymentPostprocessing = 0;
		};
		996C74441C1C59FC006640A1 /* Sources */ = {
			isa = PBXSourcesBuildPhase;
			buildActionMask = 2147483647;
			files = (
				996C744D1C1C59FC006640A1 /* testingRepo2Tests.m in Sources */,
			);
			runOnlyForDeploymentPostprocessing = 0;
		};
		996C744F1C1C59FC006640A1 /* Sources */ = {
			isa = PBXSourcesBuildPhase;
			buildActionMask = 2147483647;
			files = (
				996C74581C1C59FC006640A1 /* testingRepo2UITests.m in Sources */,
			);
			runOnlyForDeploymentPostprocessing = 0;
		};
/* End PBXSourcesBuildPhase section */

/* Begin PBXTargetDependency section */
		996C744A1C1C59FC006640A1 /* PBXTargetDependency */ = {
			isa = PBXTargetDependency;
			target = 996C742B1C1C59FC006640A1 /* testingRepo2 */;
			targetProxy = 996C74491C1C59FC006640A1 /* PBXContainerItemProxy */;
		};
		996C74551C1C59FC006640A1 /* PBXTargetDependency */ = {
			isa = PBXTargetDependency;
			target = 996C742B1C1C59FC006640A1 /* testingRepo2 */;
			targetProxy = 996C74541C1C59FC006640A1 /* PBXContainerItemProxy */;
		};
/* End PBXTargetDependency section */

/* Begin PBXVariantGroup section */
		996C74381C1C59FC006640A1 /* Main.storyboard */ = {
			isa = PBXVariantGroup;
			children = (
				996C74391C1C59FC006640A1 /* Base */,
			);
			name = Main.storyboard;
			sourceTree = "<group>";
		};
		996C74401C1C59FC006640A1 /* LaunchScreen.storyboard */ = {
			isa = PBXVariantGroup;
			children = (
				996C74411C1C59FC006640A1 /* Base */,
			);
			name = LaunchScreen.storyboard;
			sourceTree = "<group>";
		};
/* End PBXVariantGroup section */

/* Begin XCBuildConfiguration section */
		996C745A1C1C59FC006640A1 /* Debug */ = {
			isa = XCBuildConfiguration;
			buildSettings = {
				ALWAYS_SEARCH_USER_PATHS = NO;
				CLANG_CXX_LANGUAGE_STANDARD = "gnu++0x";
				CLANG_CXX_LIBRARY = "libc++";
				CLANG_ENABLE_MODULES = YES;
				CLANG_ENABLE_OBJC_ARC = YES;
				CLANG_WARN_BOOL_CONVERSION = YES;
				CLANG_WARN_CONSTANT_CONVERSION = YES;
				CLANG_WARN_DIRECT_OBJC_ISA_USAGE = YES_ERROR;
				CLANG_WARN_EMPTY_BODY = YES;
				CLANG_WARN_ENUM_CONVERSION = YES;
				CLANG_WARN_INT_CONVERSION = YES;
				CLANG_WARN_OBJC_ROOT_CLASS = YES_ERROR;
				CLANG_WARN_UNREACHABLE_CODE = YES;
				CLANG_WARN__DUPLICATE_METHOD_MATCH = YES;
				"CODE_SIGN_IDENTITY[sdk=iphoneos*]" = "iPhone Developer";
				COPY_PHASE_STRIP = NO;
				DEBUG_INFORMATION_FORMAT = dwarf;
				ENABLE_STRICT_OBJC_MSGSEND = YES;
				ENABLE_TESTABILITY = YES;
				GCC_C_LANGUAGE_STANDARD = gnu99;
				GCC_DYNAMIC_NO_PIC = NO;
				GCC_NO_COMMON_BLOCKS = YES;
				GCC_OPTIMIZATION_LEVEL = 0;
				GCC_PREPROCESSOR_DEFINITIONS = (
					"DEBUG=1",
					"$(inherited)",
				);
				GCC_WARN_64_TO_32_BIT_CONVERSION = YES;
				GCC_WARN_ABOUT_RETURN_TYPE = YES_ERROR;
				GCC_WARN_UNDECLARED_SELECTOR = YES;
				GCC_WARN_UNINITIALIZED_AUTOS = YES_AGGRESSIVE;
				GCC_WARN_UNUSED_FUNCTION = YES;
				GCC_WARN_UNUSED_VARIABLE = YES;
				IPHONEOS_DEPLOYMENT_TARGET = 9.1;
				MTL_ENABLE_DEBUG_INFO = YES;
				ONLY_ACTIVE_ARCH = YES;
				SDKROOT = iphoneos;
			};
			name = Debug;
		};
		996C745B1C1C59FC006640A1 /* Release */ = {
			isa = XCBuildConfiguration;
			buildSettings = {
				ALWAYS_SEARCH_USER_PATHS = NO;
				CLANG_CXX_LANGUAGE_STANDARD = "gnu++0x";
				CLANG_CXX_LIBRARY = "libc++";
				CLANG_ENABLE_MODULES = YES;
				CLANG_ENABLE_OBJC_ARC = YES;
				CLANG_WARN_BOOL_CONVERSION = YES;
				CLANG_WARN_CONSTANT_CONVERSION = YES;
				CLANG_WARN_DIRECT_OBJC_ISA_USAGE = YES_ERROR;
				CLANG_WARN_EMPTY_BODY = YES;
				CLANG_WARN_ENUM_CONVERSION = YES;
				CLANG_WARN_INT_CONVERSION = YES;
				CLANG_WARN_OBJC_ROOT_CLASS = YES_ERROR;
				CLANG_WARN_UNREACHABLE_CODE = YES;
				CLANG_WARN__DUPLICATE_METHOD_MATCH = YES;
				"CODE_SIGN_IDENTITY[sdk=iphoneos*]" = "iPhone Developer";
				COPY_PHASE_STRIP = NO;
				DEBUG_INFORMATION_FORMAT = "dwarf-with-dsym";
				ENABLE_NS_ASSERTIONS = NO;
				ENABLE_STRICT_OBJC_MSGSEND = YES;
				GCC_C_LANGUAGE_STANDARD = gnu99;
				GCC_NO_COMMON_BLOCKS = YES;
				GCC_WARN_64_TO_32_BIT_CONVERSION = YES;
				GCC_WARN_ABOUT_RETURN_TYPE = YES_ERROR;
				GCC_WARN_UNDECLARED_SELECTOR = YES;
				GCC_WARN_UNINITIALIZED_AUTOS = YES_AGGRESSIVE;
				GCC_WARN_UNUSED_FUNCTION = YES;
				GCC_WARN_UNUSED_VARIABLE = YES;
				IPHONEOS_DEPLOYMENT_TARGET = 9.1;
				MTL_ENABLE_DEBUG_INFO = NO;
				SDKROOT = iphoneos;
				VALIDATE_PRODUCT = YES;
			};
			name = Release;
		};
		996C745D1C1C59FC006640A1 /* Debug */ = {
			isa = XCBuildConfiguration;
			buildSettings = {
				ASSETCATALOG_COMPILER_APPICON_NAME = AppIcon;
				INFOPLIST_FILE = testingRepo2/Info.plist;
				LD_RUNPATH_SEARCH_PATHS = "$(inherited) @executable_path/Frameworks";
				PRODUCT_BUNDLE_IDENTIFIER = com.travyapp.guestapp.testingRepo2;
				PRODUCT_NAME = "$(TARGET_NAME)";
			};
			name = Debug;
		};
		996C745E1C1C59FC006640A1 /* Release */ = {
			isa = XCBuildConfiguration;
			buildSettings = {
				ASSETCATALOG_COMPILER_APPICON_NAME = AppIcon;
				INFOPLIST_FILE = testingRepo2/Info.plist;
				LD_RUNPATH_SEARCH_PATHS = "$(inherited) @executable_path/Frameworks";
				PRODUCT_BUNDLE_IDENTIFIER = com.travyapp.guestapp.testingRepo2;
				PRODUCT_NAME = "$(TARGET_NAME)";
			};
			name = Release;
		};
		996C74601C1C59FC006640A1 /* Debug */ = {
			isa = XCBuildConfiguration;
			buildSettings = {
				BUNDLE_LOADER = "$(TEST_HOST)";
				INFOPLIST_FILE = testingRepo2Tests/Info.plist;
				LD_RUNPATH_SEARCH_PATHS = "$(inherited) @executable_path/Frameworks @loader_path/Frameworks";
				PRODUCT_BUNDLE_IDENTIFIER = com.travyapp.guestapp.testingRepo2Tests;
				PRODUCT_NAME = "$(TARGET_NAME)";
				TEST_HOST = "$(BUILT_PRODUCTS_DIR)/testingRepo2.app/testingRepo2";
			};
			name = Debug;
		};
		996C74611C1C59FC006640A1 /* Release */ = {
			isa = XCBuildConfiguration;
			buildSettings = {
				BUNDLE_LOADER = "$(TEST_HOST)";
				INFOPLIST_FILE = testingRepo2Tests/Info.plist;
				LD_RUNPATH_SEARCH_PATHS = "$(inherited) @executable_path/Frameworks @loader_path/Frameworks";
				PRODUCT_BUNDLE_IDENTIFIER = com.travyapp.guestapp.testingRepo2Tests;
				PRODUCT_NAME = "$(TARGET_NAME)";
				TEST_HOST = "$(BUILT_PRODUCTS_DIR)/testingRepo2.app/testingRepo2";
			};
			name = Release;
		};
		996C74631C1C59FC006640A1 /* Debug */ = {
			isa = XCBuildConfiguration;
			buildSettings = {
				INFOPLIST_FILE = testingRepo2UITests/Info.plist;
				LD_RUNPATH_SEARCH_PATHS = "$(inherited) @executable_path/Frameworks @loader_path/Frameworks";
				PRODUCT_BUNDLE_IDENTIFIER = com.travyapp.guestapp.testingRepo2UITests;
				PRODUCT_NAME = "$(TARGET_NAME)";
				TEST_TARGET_NAME = testingRepo2;
				USES_XCTRUNNER = YES;
			};
			name = Debug;
		};
		996C74641C1C59FC006640A1 /* Release */ = {
			isa = XCBuildConfiguration;
			buildSettings = {
				INFOPLIST_FILE = testingRepo2UITests/Info.plist;
				LD_RUNPATH_SEARCH_PATHS = "$(inherited) @executable_path/Frameworks @loader_path/Frameworks";
				PRODUCT_BUNDLE_IDENTIFIER = com.travyapp.guestapp.testingRepo2UITests;
				PRODUCT_NAME = "$(TARGET_NAME)";
				TEST_TARGET_NAME = testingRepo2;
				USES_XCTRUNNER = YES;
			};
			name = Release;
		};
/* End XCBuildConfiguration section */

/* Begin XCConfigurationList section */
		996C74271C1C59FC006640A1 /* Build configuration list for PBXProject "testingRepo2" */ = {
			isa = XCConfigurationList;
			buildConfigurations = (
				996C745A1C1C59FC006640A1 /* Debug */,
				996C745B1C1C59FC006640A1 /* Release */,
			);
			defaultConfigurationIsVisible = 0;
			defaultConfigurationName = Release;
		};
		996C745C1C1C59FC006640A1 /* Build configuration list for PBXNativeTarget "testingRepo2" */ = {
			isa = XCConfigurationList;
			buildConfigurations = (
				996C745D1C1C59FC006640A1 /* Debug */,
				996C745E1C1C59FC006640A1 /* Release */,
			);
			defaultConfigurationIsVisible = 0;
		};
		996C745F1C1C59FC006640A1 /* Build configuration list for PBXNativeTarget "testingRepo2Tests" */ = {
			isa = XCConfigurationList;
			buildConfigurations = (
				996C74601C1C59FC006640A1 /* Debug */,
				996C74611C1C59FC006640A1 /* Release */,
			);
			defaultConfigurationIsVisible = 0;
		};
		996C74621C1C59FC006640A1 /* Build configuration list for PBXNativeTarget "testingRepo2UITests" */ = {
			isa = XCConfigurationList;
			buildConfigurations = (
				996C74631C1C59FC006640A1 /* Debug */,
				996C74641C1C59FC006640A1 /* Release */,
			);
			defaultConfigurationIsVisible = 0;
		};
/* End XCConfigurationList section */

/* Begin XCVersionGroup section */
		996C743B1C1C59FC006640A1 /* testingRepo2.xcdatamodeld */ = {
			isa = XCVersionGroup;
			children = (
				996C743C1C1C59FC006640A1 /* testingRepo2.xcdatamodel */,
			);
			currentVersion = 996C743C1C1C59FC006640A1 /* testingRepo2.xcdatamodel */;
			path = testingRepo2.xcdatamodeld;
			sourceTree = "<group>";
			versionGroupType = wrapper.xcdatamodel;
		};
/* End XCVersionGroup section */
	};
	rootObject = 996C74241C1C59FC006640A1 /* Project object */;
}
