// !$*UTF8*$!
{
	archiveVersion = 1;
	classes = {
	};
	objectVersion = 46;
	objects = {

/* Begin PBXBuildFile section */
		996C73EF1C1C5800006640A1 /* main.m in Sources */ = {isa = PBXBuildFile; fileRef = 996C73EE1C1C5800006640A1 /* main.m */; };
		996C73F21C1C5800006640A1 /* AppDelegate.m in Sources */ = {isa = PBXBuildFile; fileRef = 996C73F11C1C5800006640A1 /* AppDelegate.m */; };
		996C73F51C1C5800006640A1 /* ViewController.m in Sources */ = {isa = PBXBuildFile; fileRef = 996C73F41C1C5800006640A1 /* ViewController.m */; };
		996C73F81C1C5800006640A1 /* Main.storyboard in Resources */ = {isa = PBXBuildFile; fileRef = 996C73F61C1C5800006640A1 /* Main.storyboard */; };
		996C73FB1C1C5800006640A1 /* testingRepo.xcdatamodeld in Sources */ = {isa = PBXBuildFile; fileRef = 996C73F91C1C5800006640A1 /* testingRepo.xcdatamodeld */; };
		996C73FD1C1C5800006640A1 /* Assets.xcassets in Resources */ = {isa = PBXBuildFile; fileRef = 996C73FC1C1C5800006640A1 /* Assets.xcassets */; };
		996C74001C1C5800006640A1 /* LaunchScreen.storyboard in Resources */ = {isa = PBXBuildFile; fileRef = 996C73FE1C1C5800006640A1 /* LaunchScreen.storyboard */; };
		996C740B1C1C5800006640A1 /* testingRepoTests.m in Sources */ = {isa = PBXBuildFile; fileRef = 996C740A1C1C5800006640A1 /* testingRepoTests.m */; };
		996C74161C1C5800006640A1 /* testingRepoUITests.m in Sources */ = {isa = PBXBuildFile; fileRef = 996C74151C1C5800006640A1 /* testingRepoUITests.m */; };
/* End PBXBuildFile section */

/* Begin PBXContainerItemProxy section */
		996C74071C1C5800006640A1 /* PBXContainerItemProxy */ = {
			isa = PBXContainerItemProxy;
			containerPortal = 996C73E21C1C5800006640A1 /* Project object */;
			proxyType = 1;
			remoteGlobalIDString = 996C73E91C1C5800006640A1;
			remoteInfo = testingRepo;
		};
		996C74121C1C5800006640A1 /* PBXContainerItemProxy */ = {
			isa = PBXContainerItemProxy;
			containerPortal = 996C73E21C1C5800006640A1 /* Project object */;
			proxyType = 1;
			remoteGlobalIDString = 996C73E91C1C5800006640A1;
			remoteInfo = testingRepo;
		};
/* End PBXContainerItemProxy section */

/* Begin PBXFileReference section */
		996C73EA1C1C5800006640A1 /* testingRepo.app */ = {isa = PBXFileReference; explicitFileType = wrapper.application; includeInIndex = 0; path = testingRepo.app; sourceTree = BUILT_PRODUCTS_DIR; };
		996C73EE1C1C5800006640A1 /* main.m */ = {isa = PBXFileReference; lastKnownFileType = sourcecode.c.objc; path = main.m; sourceTree = "<group>"; };
		996C73F01C1C5800006640A1 /* AppDelegate.h */ = {isa = PBXFileReference; lastKnownFileType = sourcecode.c.h; path = AppDelegate.h; sourceTree = "<group>"; };
		996C73F11C1C5800006640A1 /* AppDelegate.m */ = {isa = PBXFileReference; lastKnownFileType = sourcecode.c.objc; path = AppDelegate.m; sourceTree = "<group>"; };
		996C73F31C1C5800006640A1 /* ViewController.h */ = {isa = PBXFileReference; lastKnownFileType = sourcecode.c.h; path = ViewController.h; sourceTree = "<group>"; };
		996C73F41C1C5800006640A1 /* ViewController.m */ = {isa = PBXFileReference; lastKnownFileType = sourcecode.c.objc; path = ViewController.m; sourceTree = "<group>"; };
		996C73F71C1C5800006640A1 /* Base */ = {isa = PBXFileReference; lastKnownFileType = file.storyboard; name = Base; path = Base.lproj/Main.storyboard; sourceTree = "<group>"; };
		996C73FA1C1C5800006640A1 /* testingRepo.xcdatamodel */ = {isa = PBXFileReference; lastKnownFileType = wrapper.xcdatamodel; path = testingRepo.xcdatamodel; sourceTree = "<group>"; };
		996C73FC1C1C5800006640A1 /* Assets.xcassets */ = {isa = PBXFileReference; lastKnownFileType = folder.assetcatalog; path = Assets.xcassets; sourceTree = "<group>"; };
		996C73FF1C1C5800006640A1 /* Base */ = {isa = PBXFileReference; lastKnownFileType = file.storyboard; name = Base; path = Base.lproj/LaunchScreen.storyboard; sourceTree = "<group>"; };
		996C74011C1C5800006640A1 /* Info.plist */ = {isa = PBXFileReference; lastKnownFileType = text.plist.xml; path = Info.plist; sourceTree = "<group>"; };
		996C74061C1C5800006640A1 /* testingRepoTests.xctest */ = {isa = PBXFileReference; explicitFileType = wrapper.cfbundle; includeInIndex = 0; path = testingRepoTests.xctest; sourceTree = BUILT_PRODUCTS_DIR; };
		996C740A1C1C5800006640A1 /* testingRepoTests.m */ = {isa = PBXFileReference; lastKnownFileType = sourcecode.c.objc; path = testingRepoTests.m; sourceTree = "<group>"; };
		996C740C1C1C5800006640A1 /* Info.plist */ = {isa = PBXFileReference; lastKnownFileType = text.plist.xml; path = Info.plist; sourceTree = "<group>"; };
		996C74111C1C5800006640A1 /* testingRepoUITests.xctest */ = {isa = PBXFileReference; explicitFileType = wrapper.cfbundle; includeInIndex = 0; path = testingRepoUITests.xctest; sourceTree = BUILT_PRODUCTS_DIR; };
		996C74151C1C5800006640A1 /* testingRepoUITests.m */ = {isa = PBXFileReference; lastKnownFileType = sourcecode.c.objc; path = testingRepoUITests.m; sourceTree = "<group>"; };
		996C74171C1C5800006640A1 /* Info.plist */ = {isa = PBXFileReference; lastKnownFileType = text.plist.xml; path = Info.plist; sourceTree = "<group>"; };
/* End PBXFileReference section */

/* Begin PBXFrameworksBuildPhase section */
		996C73E71C1C5800006640A1 /* Frameworks */ = {
			isa = PBXFrameworksBuildPhase;
			buildActionMask = 2147483647;
			files = (
			);
			runOnlyForDeploymentPostprocessing = 0;
		};
		996C74031C1C5800006640A1 /* Frameworks */ = {
			isa = PBXFrameworksBuildPhase;
			buildActionMask = 2147483647;
			files = (
			);
			runOnlyForDeploymentPostprocessing = 0;
		};
		996C740E1C1C5800006640A1 /* Frameworks */ = {
			isa = PBXFrameworksBuildPhase;
			buildActionMask = 2147483647;
			files = (
			);
			runOnlyForDeploymentPostprocessing = 0;
		};
/* End PBXFrameworksBuildPhase section */

/* Begin PBXGroup section */
		996C73E11C1C5800006640A1 = {
			isa = PBXGroup;
			children = (
				996C73EC1C1C5800006640A1 /* testingRepo */,
				996C74091C1C5800006640A1 /* testingRepoTests */,
				996C74141C1C5800006640A1 /* testingRepoUITests */,
				996C73EB1C1C5800006640A1 /* Products */,
			);
			sourceTree = "<group>";
		};
		996C73EB1C1C5800006640A1 /* Products */ = {
			isa = PBXGroup;
			children = (
				996C73EA1C1C5800006640A1 /* testingRepo.app */,
				996C74061C1C5800006640A1 /* testingRepoTests.xctest */,
				996C74111C1C5800006640A1 /* testingRepoUITests.xctest */,
			);
			name = Products;
			sourceTree = "<group>";
		};
		996C73EC1C1C5800006640A1 /* testingRepo */ = {
			isa = PBXGroup;
			children = (
				996C73F01C1C5800006640A1 /* AppDelegate.h */,
				996C73F11C1C5800006640A1 /* AppDelegate.m */,
				996C73F31C1C5800006640A1 /* ViewController.h */,
				996C73F41C1C5800006640A1 /* ViewController.m */,
				996C73F61C1C5800006640A1 /* Main.storyboard */,
				996C73FC1C1C5800006640A1 /* Assets.xcassets */,
				996C73FE1C1C5800006640A1 /* LaunchScreen.storyboard */,
				996C74011C1C5800006640A1 /* Info.plist */,
				996C73F91C1C5800006640A1 /* testingRepo.xcdatamodeld */,
				996C73ED1C1C5800006640A1 /* Supporting Files */,
			);
			path = testingRepo;
			sourceTree = "<group>";
		};
		996C73ED1C1C5800006640A1 /* Supporting Files */ = {
			isa = PBXGroup;
			children = (
				996C73EE1C1C5800006640A1 /* main.m */,
			);
			name = "Supporting Files";
			sourceTree = "<group>";
		};
		996C74091C1C5800006640A1 /* testingRepoTests */ = {
			isa = PBXGroup;
			children = (
				996C740A1C1C5800006640A1 /* testingRepoTests.m */,
				996C740C1C1C5800006640A1 /* Info.plist */,
			);
			path = testingRepoTests;
			sourceTree = "<group>";
		};
		996C74141C1C5800006640A1 /* testingRepoUITests */ = {
			isa = PBXGroup;
			children = (
				996C74151C1C5800006640A1 /* testingRepoUITests.m */,
				996C74171C1C5800006640A1 /* Info.plist */,
			);
			path = testingRepoUITests;
			sourceTree = "<group>";
		};
/* End PBXGroup section */

/* Begin PBXNativeTarget section */
		996C73E91C1C5800006640A1 /* testingRepo */ = {
			isa = PBXNativeTarget;
			buildConfigurationList = 996C741A1C1C5800006640A1 /* Build configuration list for PBXNativeTarget "testingRepo" */;
			buildPhases = (
				996C73E61C1C5800006640A1 /* Sources */,
				996C73E71C1C5800006640A1 /* Frameworks */,
				996C73E81C1C5800006640A1 /* Resources */,
			);
			buildRules = (
			);
			dependencies = (
			);
			name = testingRepo;
			productName = testingRepo;
			productReference = 996C73EA1C1C5800006640A1 /* testingRepo.app */;
			productType = "com.apple.product-type.application";
		};
		996C74051C1C5800006640A1 /* testingRepoTests */ = {
			isa = PBXNativeTarget;
			buildConfigurationList = 996C741D1C1C5800006640A1 /* Build configuration list for PBXNativeTarget "testingRepoTests" */;
			buildPhases = (
				996C74021C1C5800006640A1 /* Sources */,
				996C74031C1C5800006640A1 /* Frameworks */,
				996C74041C1C5800006640A1 /* Resources */,
			);
			buildRules = (
			);
			dependencies = (
				996C74081C1C5800006640A1 /* PBXTargetDependency */,
			);
			name = testingRepoTests;
			productName = testingRepoTests;
			productReference = 996C74061C1C5800006640A1 /* testingRepoTests.xctest */;
			productType = "com.apple.product-type.bundle.unit-test";
		};
		996C74101C1C5800006640A1 /* testingRepoUITests */ = {
			isa = PBXNativeTarget;
			buildConfigurationList = 996C74201C1C5800006640A1 /* Build configuration list for PBXNativeTarget "testingRepoUITests" */;
			buildPhases = (
				996C740D1C1C5800006640A1 /* Sources */,
				996C740E1C1C5800006640A1 /* Frameworks */,
				996C740F1C1C5800006640A1 /* Resources */,
			);
			buildRules = (
			);
			dependencies = (
				996C74131C1C5800006640A1 /* PBXTargetDependency */,
			);
			name = testingRepoUITests;
			productName = testingRepoUITests;
			productReference = 996C74111C1C5800006640A1 /* testingRepoUITests.xctest */;
			productType = "com.apple.product-type.bundle.ui-testing";
		};
/* End PBXNativeTarget section */

/* Begin PBXProject section */
		996C73E21C1C5800006640A1 /* Project object */ = {
			isa = PBXProject;
			attributes = {
				LastUpgradeCheck = 0710;
				ORGANIZATIONNAME = nsimpl;
				TargetAttributes = {
					996C73E91C1C5800006640A1 = {
						CreatedOnToolsVersion = 7.1.1;
						DevelopmentTeam = 7VM863VX44;
					};
					996C74051C1C5800006640A1 = {
						CreatedOnToolsVersion = 7.1.1;
						DevelopmentTeam = 7VM863VX44;
						TestTargetID = 996C73E91C1C5800006640A1;
					};
					996C74101C1C5800006640A1 = {
						CreatedOnToolsVersion = 7.1.1;
						DevelopmentTeam = 7VM863VX44;
						TestTargetID = 996C73E91C1C5800006640A1;
					};
				};
			};
			buildConfigurationList = 996C73E51C1C5800006640A1 /* Build configuration list for PBXProject "testingRepo" */;
			compatibilityVersion = "Xcode 3.2";
			developmentRegion = English;
			hasScannedForEncodings = 0;
			knownRegions = (
				en,
				Base,
			);
			mainGroup = 996C73E11C1C5800006640A1;
			productRefGroup = 996C73EB1C1C5800006640A1 /* Products */;
			projectDirPath = "";
			projectRoot = "";
			targets = (
				996C73E91C1C5800006640A1 /* testingRepo */,
				996C74051C1C5800006640A1 /* testingRepoTests */,
				996C74101C1C5800006640A1 /* testingRepoUITests */,
			);
		};
/* End PBXProject section */

/* Begin PBXResourcesBuildPhase section */
		996C73E81C1C5800006640A1 /* Resources */ = {
			isa = PBXResourcesBuildPhase;
			buildActionMask = 2147483647;
			files = (
				996C74001C1C5800006640A1 /* LaunchScreen.storyboard in Resources */,
				996C73FD1C1C5800006640A1 /* Assets.xcassets in Resources */,
				996C73F81C1C5800006640A1 /* Main.storyboard in Resources */,
			);
			runOnlyForDeploymentPostprocessing = 0;
		};
		996C74041C1C5800006640A1 /* Resources */ = {
			isa = PBXResourcesBuildPhase;
			buildActionMask = 2147483647;
			files = (
			);
			runOnlyForDeploymentPostprocessing = 0;
		};
		996C740F1C1C5800006640A1 /* Resources */ = {
			isa = PBXResourcesBuildPhase;
			buildActionMask = 2147483647;
			files = (
			);
			runOnlyForDeploymentPostprocessing = 0;
		};
/* End PBXResourcesBuildPhase section */

/* Begin PBXSourcesBuildPhase section */
		996C73E61C1C5800006640A1 /* Sources */ = {
			isa = PBXSourcesBuildPhase;
			buildActionMask = 2147483647;
			files = (
				996C73FB1C1C5800006640A1 /* testingRepo.xcdatamodeld in Sources */,
				996C73F51C1C5800006640A1 /* ViewController.m in Sources */,
				996C73F21C1C5800006640A1 /* AppDelegate.m in Sources */,
				996C73EF1C1C5800006640A1 /* main.m in Sources */,
			);
			runOnlyForDeploymentPostprocessing = 0;
		};
		996C74021C1C5800006640A1 /* Sources */ = {
			isa = PBXSourcesBuildPhase;
			buildActionMask = 2147483647;
			files = (
				996C740B1C1C5800006640A1 /* testingRepoTests.m in Sources */,
			);
			runOnlyForDeploymentPostprocessing = 0;
		};
		996C740D1C1C5800006640A1 /* Sources */ = {
			isa = PBXSourcesBuildPhase;
			buildActionMask = 2147483647;
			files = (
				996C74161C1C5800006640A1 /* testingRepoUITests.m in Sources */,
			);
			runOnlyForDeploymentPostprocessing = 0;
		};
/* End PBXSourcesBuildPhase section */

/* Begin PBXTargetDependency section */
		996C74081C1C5800006640A1 /* PBXTargetDependency */ = {
			isa = PBXTargetDependency;
			target = 996C73E91C1C5800006640A1 /* testingRepo */;
			targetProxy = 996C74071C1C5800006640A1 /* PBXContainerItemProxy */;
		};
		996C74131C1C5800006640A1 /* PBXTargetDependency */ = {
			isa = PBXTargetDependency;
			target = 996C73E91C1C5800006640A1 /* testingRepo */;
			targetProxy = 996C74121C1C5800006640A1 /* PBXContainerItemProxy */;
		};
/* End PBXTargetDependency section */

/* Begin PBXVariantGroup section */
		996C73F61C1C5800006640A1 /* Main.storyboard */ = {
			isa = PBXVariantGroup;
			children = (
				996C73F71C1C5800006640A1 /* Base */,
			);
			name = Main.storyboard;
			sourceTree = "<group>";
		};
		996C73FE1C1C5800006640A1 /* LaunchScreen.storyboard */ = {
			isa = PBXVariantGroup;
			children = (
				996C73FF1C1C5800006640A1 /* Base */,
			);
			name = LaunchScreen.storyboard;
			sourceTree = "<group>";
		};
/* End PBXVariantGroup section */

/* Begin XCBuildConfiguration section */
		996C74181C1C5800006640A1 /* Debug */ = {
			isa = XCBuildConfiguration;
			buildSettings = {
				ALWAYS_SEARCH_USER_PATHS = NO;
				CLANG_CXX_LANGUAGE_STANDARD = "gnu++0x";
				CLANG_CXX_LIBRARY = "libc++";
				CLANG_ENABLE_MODULES = YES;
				CLANG_ENABLE_OBJC_ARC = YES;
				CLANG_WARN_BOOL_CONVERSION = YES;
				CLANG_WARN_CONSTANT_CONVERSION = YES;
				CLANG_WARN_DIRECT_OBJC_ISA_USAGE = YES_ERROR;
				CLANG_WARN_EMPTY_BODY = YES;
				CLANG_WARN_ENUM_CONVERSION = YES;
				CLANG_WARN_INT_CONVERSION = YES;
				CLANG_WARN_OBJC_ROOT_CLASS = YES_ERROR;
				CLANG_WARN_UNREACHABLE_CODE = YES;
				CLANG_WARN__DUPLICATE_METHOD_MATCH = YES;
				"CODE_SIGN_IDENTITY[sdk=iphoneos*]" = "iPhone Developer";
				COPY_PHASE_STRIP = NO;
				DEBUG_INFORMATION_FORMAT = dwarf;
				ENABLE_STRICT_OBJC_MSGSEND = YES;
				ENABLE_TESTABILITY = YES;
				GCC_C_LANGUAGE_STANDARD = gnu99;
				GCC_DYNAMIC_NO_PIC = NO;
				GCC_NO_COMMON_BLOCKS = YES;
				GCC_OPTIMIZATION_LEVEL = 0;
				GCC_PREPROCESSOR_DEFINITIONS = (
					"DEBUG=1",
					"$(inherited)",
				);
				GCC_WARN_64_TO_32_BIT_CONVERSION = YES;
				GCC_WARN_ABOUT_RETURN_TYPE = YES_ERROR;
				GCC_WARN_UNDECLARED_SELECTOR = YES;
				GCC_WARN_UNINITIALIZED_AUTOS = YES_AGGRESSIVE;
				GCC_WARN_UNUSED_FUNCTION = YES;
				GCC_WARN_UNUSED_VARIABLE = YES;
				IPHONEOS_DEPLOYMENT_TARGET = 9.1;
				MTL_ENABLE_DEBUG_INFO = YES;
				ONLY_ACTIVE_ARCH = YES;
				SDKROOT = iphoneos;
			};
			name = Debug;
		};
		996C74191C1C5800006640A1 /* Release */ = {
			isa = XCBuildConfiguration;
			buildSettings = {
				ALWAYS_SEARCH_USER_PATHS = NO;
				CLANG_CXX_LANGUAGE_STANDARD = "gnu++0x";
				CLANG_CXX_LIBRARY = "libc++";
				CLANG_ENABLE_MODULES = YES;
				CLANG_ENABLE_OBJC_ARC = YES;
				CLANG_WARN_BOOL_CONVERSION = YES;
				CLANG_WARN_CONSTANT_CONVERSION = YES;
				CLANG_WARN_DIRECT_OBJC_ISA_USAGE = YES_ERROR;
				CLANG_WARN_EMPTY_BODY = YES;
				CLANG_WARN_ENUM_CONVERSION = YES;
				CLANG_WARN_INT_CONVERSION = YES;
				CLANG_WARN_OBJC_ROOT_CLASS = YES_ERROR;
				CLANG_WARN_UNREACHABLE_CODE = YES;
				CLANG_WARN__DUPLICATE_METHOD_MATCH = YES;
				"CODE_SIGN_IDENTITY[sdk=iphoneos*]" = "iPhone Developer";
				COPY_PHASE_STRIP = NO;
				DEBUG_INFORMATION_FORMAT = "dwarf-with-dsym";
				ENABLE_NS_ASSERTIONS = NO;
				ENABLE_STRICT_OBJC_MSGSEND = YES;
				GCC_C_LANGUAGE_STANDARD = gnu99;
				GCC_NO_COMMON_BLOCKS = YES;
				GCC_WARN_64_TO_32_BIT_CONVERSION = YES;
				GCC_WARN_ABOUT_RETURN_TYPE = YES_ERROR;
				GCC_WARN_UNDECLARED_SELECTOR = YES;
				GCC_WARN_UNINITIALIZED_AUTOS = YES_AGGRESSIVE;
				GCC_WARN_UNUSED_FUNCTION = YES;
				GCC_WARN_UNUSED_VARIABLE = YES;
				IPHONEOS_DEPLOYMENT_TARGET = 9.1;
				MTL_ENABLE_DEBUG_INFO = NO;
				SDKROOT = iphoneos;
				VALIDATE_PRODUCT = YES;
			};
			name = Release;
		};
		996C741B1C1C5800006640A1 /* Debug */ = {
			isa = XCBuildConfiguration;
			buildSettings = {
				ASSETCATALOG_COMPILER_APPICON_NAME = AppIcon;
				INFOPLIST_FILE = testingRepo/Info.plist;
				LD_RUNPATH_SEARCH_PATHS = "$(inherited) @executable_path/Frameworks";
				PRODUCT_BUNDLE_IDENTIFIER = com.travyapp.guestapp.testingRepo;
				PRODUCT_NAME = "$(TARGET_NAME)";
			};
			name = Debug;
		};
		996C741C1C1C5800006640A1 /* Release */ = {
			isa = XCBuildConfiguration;
			buildSettings = {
				ASSETCATALOG_COMPILER_APPICON_NAME = AppIcon;
				INFOPLIST_FILE = testingRepo/Info.plist;
				LD_RUNPATH_SEARCH_PATHS = "$(inherited) @executable_path/Frameworks";
				PRODUCT_BUNDLE_IDENTIFIER = com.travyapp.guestapp.testingRepo;
				PRODUCT_NAME = "$(TARGET_NAME)";
			};
			name = Release;
		};
		996C741E1C1C5800006640A1 /* Debug */ = {
			isa = XCBuildConfiguration;
			buildSettings = {
				BUNDLE_LOADER = "$(TEST_HOST)";
				INFOPLIST_FILE = testingRepoTests/Info.plist;
				LD_RUNPATH_SEARCH_PATHS = "$(inherited) @executable_path/Frameworks @loader_path/Frameworks";
				PRODUCT_BUNDLE_IDENTIFIER = com.travyapp.guestapp.testingRepoTests;
				PRODUCT_NAME = "$(TARGET_NAME)";
				TEST_HOST = "$(BUILT_PRODUCTS_DIR)/testingRepo.app/testingRepo";
			};
			name = Debug;
		};
		996C741F1C1C5800006640A1 /* Release */ = {
			isa = XCBuildConfiguration;
			buildSettings = {
				BUNDLE_LOADER = "$(TEST_HOST)";
				INFOPLIST_FILE = testingRepoTests/Info.plist;
				LD_RUNPATH_SEARCH_PATHS = "$(inherited) @executable_path/Frameworks @loader_path/Frameworks";
				PRODUCT_BUNDLE_IDENTIFIER = com.travyapp.guestapp.testingRepoTests;
				PRODUCT_NAME = "$(TARGET_NAME)";
				TEST_HOST = "$(BUILT_PRODUCTS_DIR)/testingRepo.app/testingRepo";
			};
			name = Release;
		};
		996C74211C1C5800006640A1 /* Debug */ = {
			isa = XCBuildConfiguration;
			buildSettings = {
				INFOPLIST_FILE = testingRepoUITests/Info.plist;
				LD_RUNPATH_SEARCH_PATHS = "$(inherited) @executable_path/Frameworks @loader_path/Frameworks";
				PRODUCT_BUNDLE_IDENTIFIER = com.travyapp.guestapp.testingRepoUITests;
				PRODUCT_NAME = "$(TARGET_NAME)";
				TEST_TARGET_NAME = testingRepo;
				USES_XCTRUNNER = YES;
			};
			name = Debug;
		};
		996C74221C1C5800006640A1 /* Release */ = {
			isa = XCBuildConfiguration;
			buildSettings = {
				INFOPLIST_FILE = testingRepoUITests/Info.plist;
				LD_RUNPATH_SEARCH_PATHS = "$(inherited) @executable_path/Frameworks @loader_path/Frameworks";
				PRODUCT_BUNDLE_IDENTIFIER = com.travyapp.guestapp.testingRepoUITests;
				PRODUCT_NAME = "$(TARGET_NAME)";
				TEST_TARGET_NAME = testingRepo;
				USES_XCTRUNNER = YES;
			};
			name = Release;
		};
/* End XCBuildConfiguration section */

/* Begin XCConfigurationList section */
		996C73E51C1C5800006640A1 /* Build configuration list for PBXProject "testingRepo" */ = {
			isa = XCConfigurationList;
			buildConfigurations = (
				996C74181C1C5800006640A1 /* Debug */,
				996C74191C1C5800006640A1 /* Release */,
			);
			defaultConfigurationIsVisible = 0;
			defaultConfigurationName = Release;
		};
		996C741A1C1C5800006640A1 /* Build configuration list for PBXNativeTarget "testingRepo" */ = {
			isa = XCConfigurationList;
			buildConfigurations = (
				996C741B1C1C5800006640A1 /* Debug */,
				996C741C1C1C5800006640A1 /* Release */,
			);
			defaultConfigurationIsVisible = 0;
		};
		996C741D1C1C5800006640A1 /* Build configuration list for PBXNativeTarget "testingRepoTests" */ = {
			isa = XCConfigurationList;
			buildConfigurations = (
				996C741E1C1C5800006640A1 /* Debug */,
				996C741F1C1C5800006640A1 /* Release */,
			);
			defaultConfigurationIsVisible = 0;
		};
		996C74201C1C5800006640A1 /* Build configuration list for PBXNativeTarget "testingRepoUITests" */ = {
			isa = XCConfigurationList;
			buildConfigurations = (
				996C74211C1C5800006640A1 /* Debug */,
				996C74221C1C5800006640A1 /* Release */,
			);
			defaultConfigurationIsVisible = 0;
		};
/* End XCConfigurationList section */

/* Begin XCVersionGroup section */
		996C73F91C1C5800006640A1 /* testingRepo.xcdatamodeld */ = {
			isa = XCVersionGroup;
			children = (
				996C73FA1C1C5800006640A1 /* testingRepo.xcdatamodel */,
			);
			currentVersion = 996C73FA1C1C5800006640A1 /* testingRepo.xcdatamodel */;
			path = testingRepo.xcdatamodeld;
			sourceTree = "<group>";
			versionGroupType = wrapper.xcdatamodel;
		};
/* End XCVersionGroup section */
	};
	rootObject = 996C73E21C1C5800006640A1 /* Project object */;
}
