// !$*UTF8*$!
{
	archiveVersion = 1;
	classes = {
	};
	objectVersion = 46;
	objects = {

/* Begin PBXGroup section */
		996C74A71C1C5F8A006640A1 = {
			isa = PBXGroup;
			children = (
			);
			sourceTree = "<group>";
		};
/* End PBXGroup section */

/* Begin PBXProject section */
		996C74A81C1C5F8A006640A1 /* Project object */ = {
			isa = PBXProject;
			attributes = {
				LastUpgradeCheck = 0710;
			};
			buildConfigurationList = 996C74AB1C1C5F8A006640A1 /* Build configuration list for PBXProject "testingRepo4" */;
			compatibilityVersion = "Xcode 3.2";
			developmentRegion = English;
			hasScannedForEncodings = 0;
			knownRegions = (
				en,
			);
			mainGroup = 996C74A71C1C5F8A006640A1;
			projectDirPath = "";
			projectRoot = "";
			targets = (
			);
		};
/* End PBXProject section */

/* Begin XCBuildConfiguration section */
		996C74AC1C1C5F8A006640A1 /* Debug */ = {
			isa = XCBuildConfiguration;
			buildSettings = {
			};
			name = Debug;
		};
		996C74AD1C1C5F8A006640A1 /* Release */ = {
			isa = XCBuildConfiguration;
			buildSettings = {
			};
			name = Release;
		};
/* End XCBuildConfiguration section */

/* Begin XCConfigurationList section */
		996C74AB1C1C5F8A006640A1 /* Build configuration list for PBXProject "testingRepo4" */ = {
			isa = XCConfigurationList;
			buildConfigurations = (
				996C74AC1C1C5F8A006640A1 /* Debug */,
				996C74AD1C1C5F8A006640A1 /* Release */,
			);
			defaultConfigurationIsVisible = 0;
			defaultConfigurationName = Release;
		};
/* End XCConfigurationList section */
	};
	rootObject = 996C74A81C1C5F8A006640A1 /* Project object */;
}
